<?xml version="1.0" encoding="utf-8"?>
<Project ToolsVersion="4.0" xmlns="http://schemas.microsoft.com/developer/msbuild/2003">
  <ItemGroup>
    <ClCompile Include="HousePricePrediction.cpp" />
    <ClCompile Include="main.cpp" />
    <ClCompile Include="src\shell.c">
      <Filter>src</Filter>
    </ClCompile>
    <ClCompile Include="src\sqlite3.c">
      <Filter>src</Filter>
    </ClCompile>
    <ClCompile Include="sqlitewrapper.cpp" />
    <ClCompile Include="LoginScreen.cpp" />
  </ItemGroup>
  <ItemGroup>
    <QtMoc Include="HousePricePrediction.h" />
    <QtMoc Include="LoginScreen.h" />
  </ItemGroup>
  <ItemGroup>
    <QtRcc Include="HousePricePrediction.qrc" />
  </ItemGroup>
  <ItemGroup>
    <QtUic Include="HousePricePrediction.ui" />
    <QtUic Include="LoginScreen.ui" />
  </ItemGroup>
  <ItemGroup>
    <Filter Include="src">
      <UniqueIdentifier>{ba44a011-51d4-40d0-b104-e750caede20b}</UniqueIdentifier>
    </Filter>
  </ItemGroup>
  <ItemGroup>
    <ClInclude Include="src\sqlite3.h">
      <Filter>src</Filter>
    </ClInclude>
    <ClInclude Include="src\sqlite3ext.h">
      <Filter>src</Filter>
    </ClInclude>
    <ClInclude Include="sqlitewrapper.h" />
  </ItemGroup>
</Project>